
Microsoft Visual Studio Solution File, Format Version 12.00
# Visual Studio 14
VisualStudioVersion = 14.0.25420.1
MinimumVisualStudioVersion = 10.0.40219.1
Project("{FAE04EC0-301F-11D3-BF4B-00C04F79EFBC}") = "MobileManagement.UI", "MobileManagement.UI\MobileManagement.UI.csproj", "{40616600-02D9-445B-9ECA-AF6B3E30846D}"
EndProject
Project("{FAE04EC0-301F-11D3-BF4B-00C04F79EFBC}") = "MobileManagement.Data", "MobileManagement.Data\MobileManagement.Data.csproj", "{32BDC71C-CD94-459C-A7B1-B1638077767C}"
EndProject
Global
	GlobalSection(SolutionConfigurationPlatforms) = preSolution
		Debug|Any CPU = Debug|Any CPU
		Release|Any CPU = Release|Any CPU
	EndGlobalSection
	GlobalSection(ProjectConfigurationPlatforms) = postSolution
		{40616600-02D9-445B-9ECA-AF6B3E30846D}.Debug|Any CPU.ActiveCfg = Debug|Any CPU
		{40616600-02D9-445B-9ECA-AF6B3E30846D}.Debug|Any CPU.Build.0 = Debug|Any CPU
		{40616600-02D9-445B-9ECA-AF6B3E30846D}.Release|Any CPU.ActiveCfg = Release|Any CPU
		{40616600-02D9-445B-9ECA-AF6B3E30846D}.Release|Any CPU.Build.0 = Release|Any CPU
		{32BDC71C-CD94-459C-A7B1-B1638077767C}.Debug|Any CPU.ActiveCfg = Debug|Any CPU
		{32BDC71C-CD94-459C-A7B1-B1638077767C}.Debug|Any CPU.Build.0 = Debug|Any CPU
		{32BDC71C-CD94-459C-A7B1-B1638077767C}.Release|Any CPU.ActiveCfg = Release|Any CPU
		{32BDC71C-CD94-459C-A7B1-B1638077767C}.Release|Any CPU.Build.0 = Release|Any CPU
	EndGlobalSection
	GlobalSection(SolutionProperties) = preSolution
		HideSolutionNode = FALSE
	EndGlobalSection
EndGlobal
